// !$*UTF8*$!
{
	archiveVersion = 1;
	classes = {
	};
	objectVersion = 50;
	objects = {

/* Begin PBXBuildFile section */
		6B73C68C263A490E009FB3E3 /* date-extension.swift in Sources */ = {isa = PBXBuildFile; fileRef = 6B73C68B263A490E009FB3E3 /* date-extension.swift */; };
		6B81E9CC2636EA46003B9CC3 /* options-view.swift in Sources */ = {isa = PBXBuildFile; fileRef = 6B81E9CB2636EA46003B9CC3 /* options-view.swift */; };
		6B81E9D02636EE46003B9CC3 /* map-pin.swift in Sources */ = {isa = PBXBuildFile; fileRef = 6B81E9CF2636EE46003B9CC3 /* map-pin.swift */; };
		6B81E9D32636EE74003B9CC3 /* map.swift in Sources */ = {isa = PBXBuildFile; fileRef = 6B81E9D22636EE74003B9CC3 /* map.swift */; };
		6B94ABB826383A8700590986 /* extensions.swift in Sources */ = {isa = PBXBuildFile; fileRef = 6B94ABB726383A8700590986 /* extensions.swift */; };
		6B97135D26353EAC00F4C288 /* home-map-view.swift in Sources */ = {isa = PBXBuildFile; fileRef = 6B97135C26353EAC00F4C288 /* home-map-view.swift */; };
		6B971362263544BE00F4C288 /* location-manager.swift in Sources */ = {isa = PBXBuildFile; fileRef = 6B971361263544BE00F4C288 /* location-manager.swift */; };
		6B97136B26354FB100F4C288 /* gpx-models.swift in Sources */ = {isa = PBXBuildFile; fileRef = 6B97136A26354FB100F4C288 /* gpx-models.swift */; };
		6BF25020263517160013BBAC /* assign4App.swift in Sources */ = {isa = PBXBuildFile; fileRef = 6BF2501F263517160013BBAC /* assign4App.swift */; };
		6BF25022263517160013BBAC /* ContentView.swift in Sources */ = {isa = PBXBuildFile; fileRef = 6BF25021263517160013BBAC /* ContentView.swift */; };
		6BF25024263517170013BBAC /* Assets.xcassets in Resources */ = {isa = PBXBuildFile; fileRef = 6BF25023263517170013BBAC /* Assets.xcassets */; };
		6BF25027263517170013BBAC /* Preview Assets.xcassets in Resources */ = {isa = PBXBuildFile; fileRef = 6BF25026263517170013BBAC /* Preview Assets.xcassets */; };
		6BF411AE263A3F1600AB649C /* files-view.swift in Sources */ = {isa = PBXBuildFile; fileRef = 6BF411AD263A3F1600AB649C /* files-view.swift */; };
		6BF411B1263A3F3900AB649C /* tracking-map-view.swift in Sources */ = {isa = PBXBuildFile; fileRef = 6BF411B0263A3F3900AB649C /* tracking-map-view.swift */; };
		6BF411B4263A3FA700AB649C /* document-directory-files.swift in Sources */ = {isa = PBXBuildFile; fileRef = 6BF411B3263A3FA700AB649C /* document-directory-files.swift */; };
		6BF411B8263A410700AB649C /* files-manager.swift in Sources */ = {isa = PBXBuildFile; fileRef = 6BF411B7263A410700AB649C /* files-manager.swift */; };
/* End PBXBuildFile section */

/* Begin PBXFileReference section */
		6B73C68B263A490E009FB3E3 /* date-extension.swift */ = {isa = PBXFileReference; lastKnownFileType = sourcecode.swift; path = "date-extension.swift"; sourceTree = "<group>"; };
		6B81E9CB2636EA46003B9CC3 /* options-view.swift */ = {isa = PBXFileReference; lastKnownFileType = sourcecode.swift; path = "options-view.swift"; sourceTree = "<group>"; };
		6B81E9CF2636EE46003B9CC3 /* map-pin.swift */ = {isa = PBXFileReference; lastKnownFileType = sourcecode.swift; path = "map-pin.swift"; sourceTree = "<group>"; };
		6B81E9D22636EE74003B9CC3 /* map.swift */ = {isa = PBXFileReference; lastKnownFileType = sourcecode.swift; path = map.swift; sourceTree = "<group>"; };
		6B94ABB726383A8700590986 /* extensions.swift */ = {isa = PBXFileReference; lastKnownFileType = sourcecode.swift; path = extensions.swift; sourceTree = "<group>"; };
		6B97135C26353EAC00F4C288 /* home-map-view.swift */ = {isa = PBXFileReference; lastKnownFileType = sourcecode.swift; path = "home-map-view.swift"; sourceTree = "<group>"; };
		6B971361263544BE00F4C288 /* location-manager.swift */ = {isa = PBXFileReference; lastKnownFileType = sourcecode.swift; path = "location-manager.swift"; sourceTree = "<group>"; };
		6B97136A26354FB100F4C288 /* gpx-models.swift */ = {isa = PBXFileReference; lastKnownFileType = sourcecode.swift; path = "gpx-models.swift"; sourceTree = "<group>"; };
		6BF2501C263517160013BBAC /* swiftui-maptracking.app */ = {isa = PBXFileReference; explicitFileType = wrapper.application; includeInIndex = 0; path = "swiftui-maptracking.app"; sourceTree = BUILT_PRODUCTS_DIR; };
		6BF2501F263517160013BBAC /* assign4App.swift */ = {isa = PBXFileReference; lastKnownFileType = sourcecode.swift; path = assign4App.swift; sourceTree = "<group>"; };
		6BF25021263517160013BBAC /* ContentView.swift */ = {isa = PBXFileReference; lastKnownFileType = sourcecode.swift; path = ContentView.swift; sourceTree = "<group>"; };
		6BF25023263517170013BBAC /* Assets.xcassets */ = {isa = PBXFileReference; lastKnownFileType = folder.assetcatalog; path = Assets.xcassets; sourceTree = "<group>"; };
		6BF25026263517170013BBAC /* Preview Assets.xcassets */ = {isa = PBXFileReference; lastKnownFileType = folder.assetcatalog; path = "Preview Assets.xcassets"; sourceTree = "<group>"; };
		6BF25028263517170013BBAC /* Info.plist */ = {isa = PBXFileReference; lastKnownFileType = text.plist.xml; path = Info.plist; sourceTree = "<group>"; };
		6BF411AD263A3F1600AB649C /* files-view.swift */ = {isa = PBXFileReference; lastKnownFileType = sourcecode.swift; path = "files-view.swift"; sourceTree = "<group>"; };
		6BF411B0263A3F3900AB649C /* tracking-map-view.swift */ = {isa = PBXFileReference; lastKnownFileType = sourcecode.swift; path = "tracking-map-view.swift"; sourceTree = "<group>"; };
		6BF411B3263A3FA700AB649C /* document-directory-files.swift */ = {isa = PBXFileReference; lastKnownFileType = sourcecode.swift; path = "document-directory-files.swift"; sourceTree = "<group>"; };
		6BF411B7263A410700AB649C /* files-manager.swift */ = {isa = PBXFileReference; lastKnownFileType = sourcecode.swift; path = "files-manager.swift"; sourceTree = "<group>"; };
/* End PBXFileReference section */

/* Begin PBXFrameworksBuildPhase section */
		6BF25019263517160013BBAC /* Frameworks */ = {
			isa = PBXFrameworksBuildPhase;
			buildActionMask = 2147483647;
			files = (
			);
			runOnlyForDeploymentPostprocessing = 0;
		};
/* End PBXFrameworksBuildPhase section */

/* Begin PBXGroup section */
		6B73C68A263A48F1009FB3E3 /* extensions */ = {
			isa = PBXGroup;
			children = (
				6B73C68B263A490E009FB3E3 /* date-extension.swift */,
				6BF411B7263A410700AB649C /* files-manager.swift */,
			);
			path = extensions;
			sourceTree = "<group>";
		};
		6B81E9CA2636EA34003B9CC3 /* subviews */ = {
			isa = PBXGroup;
			children = (
				6B81E9CB2636EA46003B9CC3 /* options-view.swift */,
				6BF411B0263A3F3900AB649C /* tracking-map-view.swift */,
			);
			path = subviews;
			sourceTree = "<group>";
		};
		6B97135B26353E9500F4C288 /* views */ = {
			isa = PBXGroup;
			children = (
				6BF411BC263A41BF00AB649C /* files-view */,
				6BF411BB263A41B100AB649C /* home-map-view */,
			);
			path = views;
			sourceTree = "<group>";
		};
		6B971360263544AB00F4C288 /* utilities */ = {
			isa = PBXGroup;
			children = (
				6B971361263544BE00F4C288 /* location-manager.swift */,
				6B81E9CF2636EE46003B9CC3 /* map-pin.swift */,
				6B81E9D22636EE74003B9CC3 /* map.swift */,
				6B94ABB726383A8700590986 /* extensions.swift */,
				6BF411B3263A3FA700AB649C /* document-directory-files.swift */,
			);
			path = utilities;
			sourceTree = "<group>";
		};
		6B97136926354FA000F4C288 /* models */ = {
			isa = PBXGroup;
			children = (
				6B97136A26354FB100F4C288 /* gpx-models.swift */,
			);
			path = models;
			sourceTree = "<group>";
		};
		6BF25013263517160013BBAC = {
			isa = PBXGroup;
			children = (
				6BF2501E263517160013BBAC /* swiftui-maptracking */,
				6BF2501D263517160013BBAC /* Products */,
			);
			sourceTree = "<group>";
		};
		6BF2501D263517160013BBAC /* Products */ = {
			isa = PBXGroup;
			children = (
				6BF2501C263517160013BBAC /* swiftui-maptracking.app */,
			);
			name = Products;
			sourceTree = "<group>";
		};
		6BF2501E263517160013BBAC /* swiftui-maptracking */ = {
			isa = PBXGroup;
			children = (
				6B73C68A263A48F1009FB3E3 /* extensions */,
				6BF411B6263A404100AB649C /* app */,
				6B97136926354FA000F4C288 /* models */,
				6B971360263544AB00F4C288 /* utilities */,
				6B97135B26353E9500F4C288 /* views */,
				6BF25023263517170013BBAC /* Assets.xcassets */,
				6BF25028263517170013BBAC /* Info.plist */,
				6BF25025263517170013BBAC /* Preview Content */,
			);
			path = "swiftui-maptracking";
			sourceTree = "<group>";
		};
		6BF25025263517170013BBAC /* Preview Content */ = {
			isa = PBXGroup;
			children = (
				6BF25026263517170013BBAC /* Preview Assets.xcassets */,
			);
			path = "Preview Content";
			sourceTree = "<group>";
		};
		6BF411B6263A404100AB649C /* app */ = {
			isa = PBXGroup;
			children = (
				6BF2501F263517160013BBAC /* assign4App.swift */,
				6BF25021263517160013BBAC /* ContentView.swift */,
			);
			path = app;
			sourceTree = "<group>";
		};
		6BF411BB263A41B100AB649C /* home-map-view */ = {
			isa = PBXGroup;
			children = (
				6B81E9CA2636EA34003B9CC3 /* subviews */,
				6B97135C26353EAC00F4C288 /* home-map-view.swift */,
			);
			path = "home-map-view";
			sourceTree = "<group>";
		};
		6BF411BC263A41BF00AB649C /* files-view */ = {
			isa = PBXGroup;
			children = (
				6BF411AD263A3F1600AB649C /* files-view.swift */,
			);
			path = "files-view";
			sourceTree = "<group>";
		};
/* End PBXGroup section */

/* Begin PBXNativeTarget section */
		6BF2501B263517160013BBAC /* swiftui-maptracking */ = {
			isa = PBXNativeTarget;
			buildConfigurationList = 6BF2502B263517170013BBAC /* Build configuration list for PBXNativeTarget "swiftui-maptracking" */;
			buildPhases = (
				6BF25018263517160013BBAC /* Sources */,
				6BF25019263517160013BBAC /* Frameworks */,
				6BF2501A263517160013BBAC /* Resources */,
			);
			buildRules = (
			);
			dependencies = (
			);
			name = "swiftui-maptracking";
			productName = assign4;
			productReference = 6BF2501C263517160013BBAC /* swiftui-maptracking.app */;
			productType = "com.apple.product-type.application";
		};
/* End PBXNativeTarget section */

/* Begin PBXProject section */
		6BF25014263517160013BBAC /* Project object */ = {
			isa = PBXProject;
			attributes = {
				LastSwiftUpdateCheck = 1240;
				LastUpgradeCheck = 1240;
				TargetAttributes = {
					6BF2501B263517160013BBAC = {
						CreatedOnToolsVersion = 12.4;
					};
				};
			};
			buildConfigurationList = 6BF25017263517160013BBAC /* Build configuration list for PBXProject "swiftui-maptracking" */;
			compatibilityVersion = "Xcode 9.3";
			developmentRegion = en;
			hasScannedForEncodings = 0;
			knownRegions = (
				en,
				Base,
			);
			mainGroup = 6BF25013263517160013BBAC;
			productRefGroup = 6BF2501D263517160013BBAC /* Products */;
			projectDirPath = "";
			projectRoot = "";
			targets = (
				6BF2501B263517160013BBAC /* swiftui-maptracking */,
			);
		};
/* End PBXProject section */

/* Begin PBXResourcesBuildPhase section */
		6BF2501A263517160013BBAC /* Resources */ = {
			isa = PBXResourcesBuildPhase;
			buildActionMask = 2147483647;
			files = (
				6BF25027263517170013BBAC /* Preview Assets.xcassets in Resources */,
				6BF25024263517170013BBAC /* Assets.xcassets in Resources */,
			);
			runOnlyForDeploymentPostprocessing = 0;
		};
/* End PBXResourcesBuildPhase section */

/* Begin PBXSourcesBuildPhase section */
		6BF25018263517160013BBAC /* Sources */ = {
			isa = PBXSourcesBuildPhase;
			buildActionMask = 2147483647;
			files = (
				6B971362263544BE00F4C288 /* location-manager.swift in Sources */,
				6BF25022263517160013BBAC /* ContentView.swift in Sources */,
				6BF411B4263A3FA700AB649C /* document-directory-files.swift in Sources */,
				6B81E9D32636EE74003B9CC3 /* map.swift in Sources */,
				6B97136B26354FB100F4C288 /* gpx-models.swift in Sources */,
				6B81E9CC2636EA46003B9CC3 /* options-view.swift in Sources */,
				6BF411B8263A410700AB649C /* files-manager.swift in Sources */,
				6B73C68C263A490E009FB3E3 /* date-extension.swift in Sources */,
				6B94ABB826383A8700590986 /* extensions.swift in Sources */,
				6B81E9D02636EE46003B9CC3 /* map-pin.swift in Sources */,
				6B97135D26353EAC00F4C288 /* home-map-view.swift in Sources */,
				6BF411AE263A3F1600AB649C /* files-view.swift in Sources */,
				6BF411B1263A3F3900AB649C /* tracking-map-view.swift in Sources */,
				6BF25020263517160013BBAC /* assign4App.swift in Sources */,
			);
			runOnlyForDeploymentPostprocessing = 0;
		};
/* End PBXSourcesBuildPhase section */

/* Begin XCBuildConfiguration section */
		6BF25029263517170013BBAC /* Debug */ = {
			isa = XCBuildConfiguration;
			buildSettings = {
				ALWAYS_SEARCH_USER_PATHS = NO;
				CLANG_ANALYZER_NONNULL = YES;
				CLANG_ANALYZER_NUMBER_OBJECT_CONVERSION = YES_AGGRESSIVE;
				CLANG_CXX_LANGUAGE_STANDARD = "gnu++14";
				CLANG_CXX_LIBRARY = "libc++";
				CLANG_ENABLE_MODULES = YES;
				CLANG_ENABLE_OBJC_ARC = YES;
				CLANG_ENABLE_OBJC_WEAK = YES;
				CLANG_WARN_BLOCK_CAPTURE_AUTORELEASING = YES;
				CLANG_WARN_BOOL_CONVERSION = YES;
				CLANG_WARN_COMMA = YES;
				CLANG_WARN_CONSTANT_CONVERSION = YES;
				CLANG_WARN_DEPRECATED_OBJC_IMPLEMENTATIONS = YES;
				CLANG_WARN_DIRECT_OBJC_ISA_USAGE = YES_ERROR;
				CLANG_WARN_DOCUMENTATION_COMMENTS = YES;
				CLANG_WARN_EMPTY_BODY = YES;
				CLANG_WARN_ENUM_CONVERSION = YES;
				CLANG_WARN_INFINITE_RECURSION = YES;
				CLANG_WARN_INT_CONVERSION = YES;
				CLANG_WARN_NON_LITERAL_NULL_CONVERSION = YES;
				CLANG_WARN_OBJC_IMPLICIT_RETAIN_SELF = YES;
				CLANG_WARN_OBJC_LITERAL_CONVERSION = YES;
				CLANG_WARN_OBJC_ROOT_CLASS = YES_ERROR;
				CLANG_WARN_QUOTED_INCLUDE_IN_FRAMEWORK_HEADER = YES;
				CLANG_WARN_RANGE_LOOP_ANALYSIS = YES;
				CLANG_WARN_STRICT_PROTOTYPES = YES;
				CLANG_WARN_SUSPICIOUS_MOVE = YES;
				CLANG_WARN_UNGUARDED_AVAILABILITY = YES_AGGRESSIVE;
				CLANG_WARN_UNREACHABLE_CODE = YES;
				CLANG_WARN__DUPLICATE_METHOD_MATCH = YES;
				COPY_PHASE_STRIP = NO;
				DEBUG_INFORMATION_FORMAT = dwarf;
				ENABLE_STRICT_OBJC_MSGSEND = YES;
				ENABLE_TESTABILITY = YES;
				GCC_C_LANGUAGE_STANDARD = gnu11;
				GCC_DYNAMIC_NO_PIC = NO;
				GCC_NO_COMMON_BLOCKS = YES;
				GCC_OPTIMIZATION_LEVEL = 0;
				GCC_PREPROCESSOR_DEFINITIONS = (
					"DEBUG=1",
					"$(inherited)",
				);
				GCC_WARN_64_TO_32_BIT_CONVERSION = YES;
				GCC_WARN_ABOUT_RETURN_TYPE = YES_ERROR;
				GCC_WARN_UNDECLARED_SELECTOR = YES;
				GCC_WARN_UNINITIALIZED_AUTOS = YES_AGGRESSIVE;
				GCC_WARN_UNUSED_FUNCTION = YES;
				GCC_WARN_UNUSED_VARIABLE = YES;
				IPHONEOS_DEPLOYMENT_TARGET = 14.4;
				MTL_ENABLE_DEBUG_INFO = INCLUDE_SOURCE;
				MTL_FAST_MATH = YES;
				ONLY_ACTIVE_ARCH = YES;
				SDKROOT = iphoneos;
				SWIFT_ACTIVE_COMPILATION_CONDITIONS = DEBUG;
				SWIFT_OPTIMIZATION_LEVEL = "-Onone";
			};
			name = Debug;
		};
		6BF2502A263517170013BBAC /* Release */ = {
			isa = XCBuildConfiguration;
			buildSettings = {
				ALWAYS_SEARCH_USER_PATHS = NO;
				CLANG_ANALYZER_NONNULL = YES;
				CLANG_ANALYZER_NUMBER_OBJECT_CONVERSION = YES_AGGRESSIVE;
				CLANG_CXX_LANGUAGE_STANDARD = "gnu++14";
				CLANG_CXX_LIBRARY = "libc++";
				CLANG_ENABLE_MODULES = YES;
				CLANG_ENABLE_OBJC_ARC = YES;
				CLANG_ENABLE_OBJC_WEAK = YES;
				CLANG_WARN_BLOCK_CAPTURE_AUTORELEASING = YES;
				CLANG_WARN_BOOL_CONVERSION = YES;
				CLANG_WARN_COMMA = YES;
				CLANG_WARN_CONSTANT_CONVERSION = YES;
				CLANG_WARN_DEPRECATED_OBJC_IMPLEMENTATIONS = YES;
				CLANG_WARN_DIRECT_OBJC_ISA_USAGE = YES_ERROR;
				CLANG_WARN_DOCUMENTATION_COMMENTS = YES;
				CLANG_WARN_EMPTY_BODY = YES;
				CLANG_WARN_ENUM_CONVERSION = YES;
				CLANG_WARN_INFINITE_RECURSION = YES;
				CLANG_WARN_INT_CONVERSION = YES;
				CLANG_WARN_NON_LITERAL_NULL_CONVERSION = YES;
				CLANG_WARN_OBJC_IMPLICIT_RETAIN_SELF = YES;
				CLANG_WARN_OBJC_LITERAL_CONVERSION = YES;
				CLANG_WARN_OBJC_ROOT_CLASS = YES_ERROR;
				CLANG_WARN_QUOTED_INCLUDE_IN_FRAMEWORK_HEADER = YES;
				CLANG_WARN_RANGE_LOOP_ANALYSIS = YES;
				CLANG_WARN_STRICT_PROTOTYPES = YES;
				CLANG_WARN_SUSPICIOUS_MOVE = YES;
				CLANG_WARN_UNGUARDED_AVAILABILITY = YES_AGGRESSIVE;
				CLANG_WARN_UNREACHABLE_CODE = YES;
				CLANG_WARN__DUPLICATE_METHOD_MATCH = YES;
				COPY_PHASE_STRIP = NO;
				DEBUG_INFORMATION_FORMAT = "dwarf-with-dsym";
				ENABLE_NS_ASSERTIONS = NO;
				ENABLE_STRICT_OBJC_MSGSEND = YES;
				GCC_C_LANGUAGE_STANDARD = gnu11;
				GCC_NO_COMMON_BLOCKS = YES;
				GCC_WARN_64_TO_32_BIT_CONVERSION = YES;
				GCC_WARN_ABOUT_RETURN_TYPE = YES_ERROR;
				GCC_WARN_UNDECLARED_SELECTOR = YES;
				GCC_WARN_UNINITIALIZED_AUTOS = YES_AGGRESSIVE;
				GCC_WARN_UNUSED_FUNCTION = YES;
				GCC_WARN_UNUSED_VARIABLE = YES;
				IPHONEOS_DEPLOYMENT_TARGET = 14.4;
				MTL_ENABLE_DEBUG_INFO = NO;
				MTL_FAST_MATH = YES;
				SDKROOT = iphoneos;
				SWIFT_COMPILATION_MODE = wholemodule;
				SWIFT_OPTIMIZATION_LEVEL = "-O";
				VALIDATE_PRODUCT = YES;
			};
			name = Release;
		};
		6BF2502C263517170013BBAC /* Debug */ = {
			isa = XCBuildConfiguration;
			buildSettings = {
				ASSETCATALOG_COMPILER_APPICON_NAME = AppIcon;
				ASSETCATALOG_COMPILER_GLOBAL_ACCENT_COLOR_NAME = AccentColor;
				CODE_SIGN_STYLE = Automatic;
				DEVELOPMENT_ASSET_PATHS = "\"swiftui-maptracking/Preview Content\"";
				DEVELOPMENT_TEAM = 635Z9MWA24;
				ENABLE_PREVIEWS = YES;
				INFOPLIST_FILE = "swiftui-maptracking/Info.plist";
				IPHONEOS_DEPLOYMENT_TARGET = 14.0;
				LD_RUNPATH_SEARCH_PATHS = (
					"$(inherited)",
					"@executable_path/Frameworks",
				);
				PRODUCT_BUNDLE_IDENTIFIER = "com.cognitive.-";
				PRODUCT_NAME = "$(TARGET_NAME)";
				SWIFT_VERSION = 5.0;
				TARGETED_DEVICE_FAMILY = 1;
			};
			name = Debug;
		};
		6BF2502D263517170013BBAC /* Release */ = {
			isa = XCBuildConfiguration;
			buildSettings = {
				ASSETCATALOG_COMPILER_APPICON_NAME = AppIcon;
				ASSETCATALOG_COMPILER_GLOBAL_ACCENT_COLOR_NAME = AccentColor;
				CODE_SIGN_STYLE = Automatic;
				DEVELOPMENT_ASSET_PATHS = "\"swiftui-maptracking/Preview Content\"";
				DEVELOPMENT_TEAM = 635Z9MWA24;
				ENABLE_PREVIEWS = YES;
				INFOPLIST_FILE = "swiftui-maptracking/Info.plist";
				IPHONEOS_DEPLOYMENT_TARGET = 14.0;
				LD_RUNPATH_SEARCH_PATHS = (
					"$(inherited)",
					"@executable_path/Frameworks",
				);
				PRODUCT_BUNDLE_IDENTIFIER = "com.cognitive.-";
				PRODUCT_NAME = "$(TARGET_NAME)";
				SWIFT_VERSION = 5.0;
				TARGETED_DEVICE_FAMILY = 1;
			};
			name = Release;
		};
/* End XCBuildConfiguration section */

/* Begin XCConfigurationList section */
		6BF25017263517160013BBAC /* Build configuration list for PBXProject "swiftui-maptracking" */ = {
			isa = XCConfigurationList;
			buildConfigurations = (
				6BF25029263517170013BBAC /* Debug */,
				6BF2502A263517170013BBAC /* Release */,
			);
			defaultConfigurationIsVisible = 0;
			defaultConfigurationName = Debug;
		};
		6BF2502B263517170013BBAC /* Build configuration list for PBXNativeTarget "swiftui-maptracking" */ = {
			isa = XCConfigurationList;
			buildConfigurations = (
				6BF2502C263517170013BBAC /* Debug */,
				6BF2502D263517170013BBAC /* Release */,
			);
			defaultConfigurationIsVisible = 0;
			defaultConfigurationName = Debug;
		};
/* End XCConfigurationList section */
	};
	rootObject = 6BF25014263517160013BBAC /* Project object */;
}
